
Microsoft Visual Studio Solution File, Format Version 12.00
# Visual Studio Version 17
VisualStudioVersion = 17.4.33103.184
MinimumVisualStudioVersion = 10.0.40219.1
Project("{FAE04EC0-301F-11D3-BF4B-00C04F79EFBC}") = "PassManagerAPI", "PassManagerAPI.csproj", "{1E6ECE50-AE74-4B61-AC00-ACF77022047A}"
EndProject
Global
	GlobalSection(SolutionConfigurationPlatforms) = preSolution
		Debug|Any CPU = Debug|Any CPU
		Release|Any CPU = Release|Any CPU
	EndGlobalSection
	GlobalSection(ProjectConfigurationPlatforms) = postSolution
		{1E6ECE50-AE74-4B61-AC00-ACF77022047A}.Debug|Any CPU.ActiveCfg = Debug|Any CPU
		{1E6ECE50-AE74-4B61-AC00-ACF77022047A}.Debug|Any CPU.Build.0 = Debug|Any CPU
		{1E6ECE50-AE74-4B61-AC00-ACF77022047A}.Release|Any CPU.ActiveCfg = Release|Any CPU
		{1E6ECE50-AE74-4B61-AC00-ACF77022047A}.Release|Any CPU.Build.0 = Release|Any CPU
	EndGlobalSection
	GlobalSection(SolutionProperties) = preSolution
		HideSolutionNode = FALSE
	EndGlobalSection
	GlobalSection(ExtensibilityGlobals) = postSolution
		SolutionGuid = {D03D5728-FCE2-4ED1-AC21-2610E91E364A}
	EndGlobalSection
EndGlobal
